
Microsoft Visual Studio Solution File, Format Version 12.00
# Visual Studio 14
VisualStudioVersion = 14.0.23107.0
MinimumVisualStudioVersion = 10.0.40219.1
Project("{2150E333-8FDC-42A3-9474-1A3956D46DE8}") = "Tests", "Tests", "{36C14C89-BB16-40C1-8D8C-B46821F55220}"
EndProject
Project("{00D1A9C2-B5F0-4AF3-8072-F6C62B433612}") = "Emts.Common.Tests", "Emts.Common.Tests\Emts.Common.Tests.sqlproj", "{8BF3D2F2-E3D9-452D-8EC2-FBE1C42C089A}"
EndProject
Project("{2150E333-8FDC-42A3-9474-1A3956D46DE8}") = "nuget", "nuget", "{F6485BA7-7AA0-4117-86AE-FB207633D1F9}"
	ProjectSection(SolutionItems) = preProject
		.nuget\nuget.config = .nuget\nuget.config
	EndProjectSection
EndProject
Project("{FAE04EC0-301F-11D3-BF4B-00C04F79EFBC}") = "Emts.Data", "Emts.Data\Emts.Data.csproj", "{5F5B0EF0-87D0-421B-B512-34628EBDBBF6}"
EndProject
Project("{FAE04EC0-301F-11D3-BF4B-00C04F79EFBC}") = "Emts.Data.SqlServer", "Emts.Data.SqlServer\Emts.Data.SqlServer.csproj", "{D0FA0EDB-DC01-4DDF-A5FF-5CCF518C9685}"
EndProject
Project("{FAE04EC0-301F-11D3-BF4B-00C04F79EFBC}") = "Emts.Web.Api.Models", "Emts.Web.Api.Models\Emts.Web.Api.Models.csproj", "{A4B8292C-3112-4150-B037-1F6D60D5F5C4}"
EndProject
Project("{FAE04EC0-301F-11D3-BF4B-00C04F79EFBC}") = "Emts.Web.Common", "Emts.Web.Common\Emts.Web.Common.csproj", "{05CE55FB-52F6-4D57-8D3E-3F17037C2BA2}"
EndProject
Project("{FAE04EC0-301F-11D3-BF4B-00C04F79EFBC}") = "Emts.Web.Api", "Emts.Web.Api\Emts.Web.Api.csproj", "{E17CB93A-8FA7-4F32-8682-4D3173F68A9D}"
EndProject
Project("{00D1A9C2-B5F0-4AF3-8072-F6C62B433612}") = "Emts.Data.SqlServer.IntegrationTests", "Emts.Data.SqlServer.IntegrationTests\Emts.Data.SqlServer.IntegrationTests.sqlproj", "{ECB8CAFB-82C7-499F-8F62-714099733052}"
EndProject
Project("{00D1A9C2-B5F0-4AF3-8072-F6C62B433612}") = "Emts.Data.Tests", "Emts.Data.Tests\Emts.Data.Tests.sqlproj", "{5F404373-0771-477C-9004-2B5347C9C552}"
EndProject
Project("{00D1A9C2-B5F0-4AF3-8072-F6C62B433612}") = "Emts.Web.Api.IntegrationTests", "Emts.Web.Api.IntegrationTests\Emts.Web.Api.IntegrationTests.sqlproj", "{23F019BC-1176-45C8-A164-FEA479A30C38}"
EndProject
Project("{00D1A9C2-B5F0-4AF3-8072-F6C62B433612}") = "Emts.Web.Api.Tests", "Emts.Web.Api.Tests\Emts.Web.Api.Tests.sqlproj", "{9E417AD7-FC9A-4024-879D-1FF2F45502B0}"
EndProject
Project("{00D1A9C2-B5F0-4AF3-8072-F6C62B433612}") = "Emts.Web.Common.Tests", "Emts.Web.Common.Tests\Emts.Web.Common.Tests.sqlproj", "{D18B1E78-A609-4265-8D21-284BE668221B}"
EndProject
Project("{00D1A9C2-B5F0-4AF3-8072-F6C62B433612}") = "EmtsDb", "EmtsDb\EmtsDb.sqlproj", "{AD8A5840-D40A-42A7-A583-BD10CCCC3FAC}"
EndProject
Project("{FAE04EC0-301F-11D3-BF4B-00C04F79EFBC}") = "Emts.Common", "Emts.Common\Emts.Common.csproj", "{2F400A41-872C-43BF-99C4-0B23025DD689}"
EndProject
Global
	GlobalSection(SolutionConfigurationPlatforms) = preSolution
		Debug|Any CPU = Debug|Any CPU
		Release|Any CPU = Release|Any CPU
	EndGlobalSection
	GlobalSection(ProjectConfigurationPlatforms) = postSolution
		{8BF3D2F2-E3D9-452D-8EC2-FBE1C42C089A}.Debug|Any CPU.ActiveCfg = Debug|Any CPU
		{8BF3D2F2-E3D9-452D-8EC2-FBE1C42C089A}.Debug|Any CPU.Build.0 = Debug|Any CPU
		{8BF3D2F2-E3D9-452D-8EC2-FBE1C42C089A}.Debug|Any CPU.Deploy.0 = Debug|Any CPU
		{8BF3D2F2-E3D9-452D-8EC2-FBE1C42C089A}.Release|Any CPU.ActiveCfg = Release|Any CPU
		{8BF3D2F2-E3D9-452D-8EC2-FBE1C42C089A}.Release|Any CPU.Build.0 = Release|Any CPU
		{8BF3D2F2-E3D9-452D-8EC2-FBE1C42C089A}.Release|Any CPU.Deploy.0 = Release|Any CPU
		{5F5B0EF0-87D0-421B-B512-34628EBDBBF6}.Debug|Any CPU.ActiveCfg = Debug|Any CPU
		{5F5B0EF0-87D0-421B-B512-34628EBDBBF6}.Debug|Any CPU.Build.0 = Debug|Any CPU
		{5F5B0EF0-87D0-421B-B512-34628EBDBBF6}.Release|Any CPU.ActiveCfg = Release|Any CPU
		{5F5B0EF0-87D0-421B-B512-34628EBDBBF6}.Release|Any CPU.Build.0 = Release|Any CPU
		{D0FA0EDB-DC01-4DDF-A5FF-5CCF518C9685}.Debug|Any CPU.ActiveCfg = Debug|Any CPU
		{D0FA0EDB-DC01-4DDF-A5FF-5CCF518C9685}.Debug|Any CPU.Build.0 = Debug|Any CPU
		{D0FA0EDB-DC01-4DDF-A5FF-5CCF518C9685}.Release|Any CPU.ActiveCfg = Release|Any CPU
		{D0FA0EDB-DC01-4DDF-A5FF-5CCF518C9685}.Release|Any CPU.Build.0 = Release|Any CPU
		{A4B8292C-3112-4150-B037-1F6D60D5F5C4}.Debug|Any CPU.ActiveCfg = Debug|Any CPU
		{A4B8292C-3112-4150-B037-1F6D60D5F5C4}.Debug|Any CPU.Build.0 = Debug|Any CPU
		{A4B8292C-3112-4150-B037-1F6D60D5F5C4}.Release|Any CPU.ActiveCfg = Release|Any CPU
		{A4B8292C-3112-4150-B037-1F6D60D5F5C4}.Release|Any CPU.Build.0 = Release|Any CPU
		{05CE55FB-52F6-4D57-8D3E-3F17037C2BA2}.Debug|Any CPU.ActiveCfg = Debug|Any CPU
		{05CE55FB-52F6-4D57-8D3E-3F17037C2BA2}.Debug|Any CPU.Build.0 = Debug|Any CPU
		{05CE55FB-52F6-4D57-8D3E-3F17037C2BA2}.Release|Any CPU.ActiveCfg = Release|Any CPU
		{05CE55FB-52F6-4D57-8D3E-3F17037C2BA2}.Release|Any CPU.Build.0 = Release|Any CPU
		{E17CB93A-8FA7-4F32-8682-4D3173F68A9D}.Debug|Any CPU.ActiveCfg = Debug|Any CPU
		{E17CB93A-8FA7-4F32-8682-4D3173F68A9D}.Debug|Any CPU.Build.0 = Debug|Any CPU
		{E17CB93A-8FA7-4F32-8682-4D3173F68A9D}.Release|Any CPU.ActiveCfg = Release|Any CPU
		{E17CB93A-8FA7-4F32-8682-4D3173F68A9D}.Release|Any CPU.Build.0 = Release|Any CPU
		{ECB8CAFB-82C7-499F-8F62-714099733052}.Debug|Any CPU.ActiveCfg = Debug|Any CPU
		{ECB8CAFB-82C7-499F-8F62-714099733052}.Debug|Any CPU.Build.0 = Debug|Any CPU
		{ECB8CAFB-82C7-499F-8F62-714099733052}.Debug|Any CPU.Deploy.0 = Debug|Any CPU
		{ECB8CAFB-82C7-499F-8F62-714099733052}.Release|Any CPU.ActiveCfg = Release|Any CPU
		{ECB8CAFB-82C7-499F-8F62-714099733052}.Release|Any CPU.Build.0 = Release|Any CPU
		{ECB8CAFB-82C7-499F-8F62-714099733052}.Release|Any CPU.Deploy.0 = Release|Any CPU
		{5F404373-0771-477C-9004-2B5347C9C552}.Debug|Any CPU.ActiveCfg = Debug|Any CPU
		{5F404373-0771-477C-9004-2B5347C9C552}.Debug|Any CPU.Build.0 = Debug|Any CPU
		{5F404373-0771-477C-9004-2B5347C9C552}.Debug|Any CPU.Deploy.0 = Debug|Any CPU
		{5F404373-0771-477C-9004-2B5347C9C552}.Release|Any CPU.ActiveCfg = Release|Any CPU
		{5F404373-0771-477C-9004-2B5347C9C552}.Release|Any CPU.Build.0 = Release|Any CPU
		{5F404373-0771-477C-9004-2B5347C9C552}.Release|Any CPU.Deploy.0 = Release|Any CPU
		{23F019BC-1176-45C8-A164-FEA479A30C38}.Debug|Any CPU.ActiveCfg = Debug|Any CPU
		{23F019BC-1176-45C8-A164-FEA479A30C38}.Debug|Any CPU.Build.0 = Debug|Any CPU
		{23F019BC-1176-45C8-A164-FEA479A30C38}.Debug|Any CPU.Deploy.0 = Debug|Any CPU
		{23F019BC-1176-45C8-A164-FEA479A30C38}.Release|Any CPU.ActiveCfg = Release|Any CPU
		{23F019BC-1176-45C8-A164-FEA479A30C38}.Release|Any CPU.Build.0 = Release|Any CPU
		{23F019BC-1176-45C8-A164-FEA479A30C38}.Release|Any CPU.Deploy.0 = Release|Any CPU
		{9E417AD7-FC9A-4024-879D-1FF2F45502B0}.Debug|Any CPU.ActiveCfg = Debug|Any CPU
		{9E417AD7-FC9A-4024-879D-1FF2F45502B0}.Debug|Any CPU.Build.0 = Debug|Any CPU
		{9E417AD7-FC9A-4024-879D-1FF2F45502B0}.Debug|Any CPU.Deploy.0 = Debug|Any CPU
		{9E417AD7-FC9A-4024-879D-1FF2F45502B0}.Release|Any CPU.ActiveCfg = Release|Any CPU
		{9E417AD7-FC9A-4024-879D-1FF2F45502B0}.Release|Any CPU.Build.0 = Release|Any CPU
		{9E417AD7-FC9A-4024-879D-1FF2F45502B0}.Release|Any CPU.Deploy.0 = Release|Any CPU
		{D18B1E78-A609-4265-8D21-284BE668221B}.Debug|Any CPU.ActiveCfg = Debug|Any CPU
		{D18B1E78-A609-4265-8D21-284BE668221B}.Debug|Any CPU.Build.0 = Debug|Any CPU
		{D18B1E78-A609-4265-8D21-284BE668221B}.Debug|Any CPU.Deploy.0 = Debug|Any CPU
		{D18B1E78-A609-4265-8D21-284BE668221B}.Release|Any CPU.ActiveCfg = Release|Any CPU
		{D18B1E78-A609-4265-8D21-284BE668221B}.Release|Any CPU.Build.0 = Release|Any CPU
		{D18B1E78-A609-4265-8D21-284BE668221B}.Release|Any CPU.Deploy.0 = Release|Any CPU
		{AD8A5840-D40A-42A7-A583-BD10CCCC3FAC}.Debug|Any CPU.ActiveCfg = Debug|Any CPU
		{AD8A5840-D40A-42A7-A583-BD10CCCC3FAC}.Debug|Any CPU.Build.0 = Debug|Any CPU
		{AD8A5840-D40A-42A7-A583-BD10CCCC3FAC}.Debug|Any CPU.Deploy.0 = Debug|Any CPU
		{AD8A5840-D40A-42A7-A583-BD10CCCC3FAC}.Release|Any CPU.ActiveCfg = Release|Any CPU
		{AD8A5840-D40A-42A7-A583-BD10CCCC3FAC}.Release|Any CPU.Build.0 = Release|Any CPU
		{AD8A5840-D40A-42A7-A583-BD10CCCC3FAC}.Release|Any CPU.Deploy.0 = Release|Any CPU
		{2F400A41-872C-43BF-99C4-0B23025DD689}.Debug|Any CPU.ActiveCfg = Debug|Any CPU
		{2F400A41-872C-43BF-99C4-0B23025DD689}.Debug|Any CPU.Build.0 = Debug|Any CPU
		{2F400A41-872C-43BF-99C4-0B23025DD689}.Release|Any CPU.ActiveCfg = Release|Any CPU
		{2F400A41-872C-43BF-99C4-0B23025DD689}.Release|Any CPU.Build.0 = Release|Any CPU
	EndGlobalSection
	GlobalSection(SolutionProperties) = preSolution
		HideSolutionNode = FALSE
	EndGlobalSection
	GlobalSection(NestedProjects) = preSolution
		{8BF3D2F2-E3D9-452D-8EC2-FBE1C42C089A} = {36C14C89-BB16-40C1-8D8C-B46821F55220}
		{ECB8CAFB-82C7-499F-8F62-714099733052} = {36C14C89-BB16-40C1-8D8C-B46821F55220}
		{5F404373-0771-477C-9004-2B5347C9C552} = {36C14C89-BB16-40C1-8D8C-B46821F55220}
		{23F019BC-1176-45C8-A164-FEA479A30C38} = {36C14C89-BB16-40C1-8D8C-B46821F55220}
		{9E417AD7-FC9A-4024-879D-1FF2F45502B0} = {36C14C89-BB16-40C1-8D8C-B46821F55220}
		{D18B1E78-A609-4265-8D21-284BE668221B} = {36C14C89-BB16-40C1-8D8C-B46821F55220}
	EndGlobalSection
EndGlobal
